
Microsoft Visual Studio Solution File, Format Version 12.00
Project("{2150E333-8FDC-42A3-9474-1A3956D46DE8}") = "Modules", "Modules", "{1E378BD4-FFA8-41D8-AF6E-CB82BAAB9FEF}"
EndProject
Project("{2150E333-8FDC-42A3-9474-1A3956D46DE8}") = "src", "src", "{112092D9-51F0-4396-B66F-F42A6294E7D4}"
EndProject
Project("{2150E333-8FDC-42A3-9474-1A3956D46DE8}") = "Bootstrapper", "Bootstrapper", "{0C66A3B5-F760-4BF0-8648-5C5124B7E50F}"
EndProject
Project("{2150E333-8FDC-42A3-9474-1A3956D46DE8}") = "Shared", "Shared", "{8F859F9D-F3D4-4E5F-98B0-5F8091947EE1}"
EndProject
Project("{2150E333-8FDC-42A3-9474-1A3956D46DE8}") = "tests", "tests", "{5E354159-7261-47D5-8AA7-6B5CE54C8CBA}"
EndProject
Project("{2150E333-8FDC-42A3-9474-1A3956D46DE8}") = "Modules", "Modules", "{CD5991C7-55FC-4DEA-86E2-DBA760DE1D34}"
EndProject
Project("{2150E333-8FDC-42A3-9474-1A3956D46DE8}") = "Owner", "Owner", "{50AAE35A-DF29-455D-8290-069FED15F08F}"
EndProject
Project("{2150E333-8FDC-42A3-9474-1A3956D46DE8}") = "Owner", "Owner", "{3AD089EF-9811-48EA-B425-FD01A63513BB}"
EndProject
Project("{FAE04EC0-301F-11D3-BF4B-00C04F79EFBC}") = "wg.modules.owner.domain", "src\Modules\Owner\wg.modules.owner.domain\wg.modules.owner.domain.csproj", "{85C133A8-F98C-4FE3-B06A-DCC6259CFCE1}"
EndProject
Project("{FAE04EC0-301F-11D3-BF4B-00C04F79EFBC}") = "wg.modules.owner.domain.tests", "tests\Modules\Owner\wg.modules.owner.domain.tests\wg.modules.owner.domain.tests.csproj", "{CF9C783C-DA78-4D1C-AEA6-DD8E2DB77C0E}"
EndProject
Project("{FAE04EC0-301F-11D3-BF4B-00C04F79EFBC}") = "wg.shared.abstractions", "src\Shared\wg.shared.abstractions\wg.shared.abstractions.csproj", "{BB54F46B-E4D8-422C-926D-3BECA906A919}"
EndProject
Global
	GlobalSection(SolutionConfigurationPlatforms) = preSolution
		Debug|Any CPU = Debug|Any CPU
		Release|Any CPU = Release|Any CPU
	EndGlobalSection
	GlobalSection(NestedProjects) = preSolution
		{1E378BD4-FFA8-41D8-AF6E-CB82BAAB9FEF} = {112092D9-51F0-4396-B66F-F42A6294E7D4}
		{0C66A3B5-F760-4BF0-8648-5C5124B7E50F} = {112092D9-51F0-4396-B66F-F42A6294E7D4}
		{8F859F9D-F3D4-4E5F-98B0-5F8091947EE1} = {112092D9-51F0-4396-B66F-F42A6294E7D4}
		{CD5991C7-55FC-4DEA-86E2-DBA760DE1D34} = {5E354159-7261-47D5-8AA7-6B5CE54C8CBA}
		{50AAE35A-DF29-455D-8290-069FED15F08F} = {CD5991C7-55FC-4DEA-86E2-DBA760DE1D34}
		{3AD089EF-9811-48EA-B425-FD01A63513BB} = {1E378BD4-FFA8-41D8-AF6E-CB82BAAB9FEF}
		{85C133A8-F98C-4FE3-B06A-DCC6259CFCE1} = {3AD089EF-9811-48EA-B425-FD01A63513BB}
		{CF9C783C-DA78-4D1C-AEA6-DD8E2DB77C0E} = {50AAE35A-DF29-455D-8290-069FED15F08F}
		{BB54F46B-E4D8-422C-926D-3BECA906A919} = {8F859F9D-F3D4-4E5F-98B0-5F8091947EE1}
	EndGlobalSection
	GlobalSection(ProjectConfigurationPlatforms) = postSolution
		{85C133A8-F98C-4FE3-B06A-DCC6259CFCE1}.Debug|Any CPU.ActiveCfg = Debug|Any CPU
		{85C133A8-F98C-4FE3-B06A-DCC6259CFCE1}.Debug|Any CPU.Build.0 = Debug|Any CPU
		{85C133A8-F98C-4FE3-B06A-DCC6259CFCE1}.Release|Any CPU.ActiveCfg = Release|Any CPU
		{85C133A8-F98C-4FE3-B06A-DCC6259CFCE1}.Release|Any CPU.Build.0 = Release|Any CPU
		{CF9C783C-DA78-4D1C-AEA6-DD8E2DB77C0E}.Debug|Any CPU.ActiveCfg = Debug|Any CPU
		{CF9C783C-DA78-4D1C-AEA6-DD8E2DB77C0E}.Debug|Any CPU.Build.0 = Debug|Any CPU
		{CF9C783C-DA78-4D1C-AEA6-DD8E2DB77C0E}.Release|Any CPU.ActiveCfg = Release|Any CPU
		{CF9C783C-DA78-4D1C-AEA6-DD8E2DB77C0E}.Release|Any CPU.Build.0 = Release|Any CPU
		{BB54F46B-E4D8-422C-926D-3BECA906A919}.Debug|Any CPU.ActiveCfg = Debug|Any CPU
		{BB54F46B-E4D8-422C-926D-3BECA906A919}.Debug|Any CPU.Build.0 = Debug|Any CPU
		{BB54F46B-E4D8-422C-926D-3BECA906A919}.Release|Any CPU.ActiveCfg = Release|Any CPU
		{BB54F46B-E4D8-422C-926D-3BECA906A919}.Release|Any CPU.Build.0 = Release|Any CPU
	EndGlobalSection
EndGlobal
