
Microsoft Visual Studio Solution File, Format Version 12.00
Project("{2150E333-8FDC-42A3-9474-1A3956D46DE8}") = "Modules", "Modules", "{1E378BD4-FFA8-41D8-AF6E-CB82BAAB9FEF}"
EndProject
Project("{2150E333-8FDC-42A3-9474-1A3956D46DE8}") = "src", "src", "{112092D9-51F0-4396-B66F-F42A6294E7D4}"
EndProject
Project("{2150E333-8FDC-42A3-9474-1A3956D46DE8}") = "Bootstrapper", "Bootstrapper", "{0C66A3B5-F760-4BF0-8648-5C5124B7E50F}"
EndProject
Project("{2150E333-8FDC-42A3-9474-1A3956D46DE8}") = "Shared", "Shared", "{8F859F9D-F3D4-4E5F-98B0-5F8091947EE1}"
EndProject
Project("{2150E333-8FDC-42A3-9474-1A3956D46DE8}") = "tests", "tests", "{5E354159-7261-47D5-8AA7-6B5CE54C8CBA}"
EndProject
Project("{2150E333-8FDC-42A3-9474-1A3956D46DE8}") = "Modules", "Modules", "{CD5991C7-55FC-4DEA-86E2-DBA760DE1D34}"
EndProject
Project("{2150E333-8FDC-42A3-9474-1A3956D46DE8}") = "Owner", "Owner", "{50AAE35A-DF29-455D-8290-069FED15F08F}"
EndProject
Project("{2150E333-8FDC-42A3-9474-1A3956D46DE8}") = "Owner", "Owner", "{3AD089EF-9811-48EA-B425-FD01A63513BB}"
EndProject
Project("{FAE04EC0-301F-11D3-BF4B-00C04F79EFBC}") = "wg.modules.owner.domain", "src\Modules\Owner\wg.modules.owner.domain\wg.modules.owner.domain.csproj", "{85C133A8-F98C-4FE3-B06A-DCC6259CFCE1}"
EndProject
Project("{FAE04EC0-301F-11D3-BF4B-00C04F79EFBC}") = "wg.modules.owner.domain.tests", "tests\Modules\Owner\wg.modules.owner.domain.tests\wg.modules.owner.domain.tests.csproj", "{CF9C783C-DA78-4D1C-AEA6-DD8E2DB77C0E}"
EndProject
Project("{FAE04EC0-301F-11D3-BF4B-00C04F79EFBC}") = "wg.shared.abstractions", "src\Shared\wg.shared.abstractions\wg.shared.abstractions.csproj", "{BB54F46B-E4D8-422C-926D-3BECA906A919}"
EndProject
Project("{FAE04EC0-301F-11D3-BF4B-00C04F79EFBC}") = "wg.shared.infrastructure", "src\Shared\wg.shared.infrastructure\wg.shared.infrastructure.csproj", "{3D908F3F-E18A-453C-8705-D201BEDA7A72}"
EndProject
Project("{FAE04EC0-301F-11D3-BF4B-00C04F79EFBC}") = "wg.modules.owner.application", "src\Modules\Owner\wg.modules.owner.application\wg.modules.owner.application.csproj", "{9EF88AF5-E641-44B6-8B20-BB2291F960BD}"
EndProject
Project("{FAE04EC0-301F-11D3-BF4B-00C04F79EFBC}") = "wg.modules.owner.application.tests", "tests\Modules\Owner\wg.modules.owner.application.tests\wg.modules.owner.application.tests.csproj", "{38BA0508-A863-4EFA-9C65-BA05CE2689CD}"
EndProject
Project("{2150E333-8FDC-42A3-9474-1A3956D46DE8}") = "Shared", "Shared", "{EB094BD2-FA5C-4EA6-8420-C2F0201EDC6D}"
EndProject
Project("{FAE04EC0-301F-11D3-BF4B-00C04F79EFBC}") = "wg.tests.shared", "tests\wg.tests.shared\wg.tests.shared.csproj", "{3A853327-1EAC-4DE3-AE02-EC06C6359FE3}"
EndProject
Project("{FAE04EC0-301F-11D3-BF4B-00C04F79EFBC}") = "wg.bootstrapper", "src\Bootstrapper\wg.bootstrapper\wg.bootstrapper.csproj", "{2F6C4F4B-8EF4-4DC4-A06A-D736AAC93957}"
EndProject
Project("{FAE04EC0-301F-11D3-BF4B-00C04F79EFBC}") = "wg.modules.owner.api", "src\Modules\Owner\wg.modules.owner.api\wg.modules.owner.api.csproj", "{C3901E1D-AC86-42F6-9354-D79096A4C7DB}"
EndProject
Project("{FAE04EC0-301F-11D3-BF4B-00C04F79EFBC}") = "wg.modules.owner.infrastructure", "src\Modules\Owner\wg.modules.owner.infrastructure\wg.modules.owner.infrastructure.csproj", "{28CC0313-8204-4A2D-9D42-3EEF42D4F45A}"
EndProject
Project("{FAE04EC0-301F-11D3-BF4B-00C04F79EFBC}") = "wg.modules.owner.infrastructure.tests", "tests\Modules\Owner\wg.modules.owner.infrastructure.tests\wg.modules.owner.infrastructure.tests.csproj", "{212AF2FA-C1FA-4ED5-8296-7A01C08CCE41}"
EndProject
Project("{2150E333-8FDC-42A3-9474-1A3956D46DE8}") = "Integration", "Integration", "{6C56C11E-2B44-41AD-B67E-4A743B63B563}"
EndProject
Project("{2150E333-8FDC-42A3-9474-1A3956D46DE8}") = "Modules", "Modules", "{36BA58D3-544B-46E6-BCA2-BDC57EB0E62E}"
EndProject
Project("{FAE04EC0-301F-11D3-BF4B-00C04F79EFBC}") = "wg.modules.owner.integration.tests", "tests\Integration\Modules\wg.modules.owner.integration.tests\wg.modules.owner.integration.tests.csproj", "{AF284D2B-53DB-444B-8538-B91DB9987ADE}"
EndProject
Project("{FAE04EC0-301F-11D3-BF4B-00C04F79EFBC}") = "wg.shared.infrastructure.tests", "tests\Shared\wg.shared.infrastructure.tests\wg.shared.infrastructure.tests.csproj", "{213814F7-72D0-480F-B0E9-0710A2B3F9C5}"
EndProject
Project("{2150E333-8FDC-42A3-9474-1A3956D46DE8}") = "Companies", "Companies", "{FD0CE981-8432-4B57-B654-A91D55B67903}"
EndProject
Project("{FAE04EC0-301F-11D3-BF4B-00C04F79EFBC}") = "wg.modules.companies.domain", "src\Modules\Companies\wg.modules.companies.domain\wg.modules.companies.domain.csproj", "{7D31D878-29AF-4259-9D88-14F230723818}"
EndProject
Project("{2150E333-8FDC-42A3-9474-1A3956D46DE8}") = "Companies", "Companies", "{ED0C0608-7C3D-43E1-9E71-8305AFEE3076}"
EndProject
Project("{FAE04EC0-301F-11D3-BF4B-00C04F79EFBC}") = "wg.modules.companies.domain.tests", "tests\Modules\Companies\wg.modules.companies.domain.tests\wg.modules.companies.domain.tests.csproj", "{F713C96C-5FEA-4B6B-9A33-E5D38D527F50}"
EndProject
Project("{FAE04EC0-301F-11D3-BF4B-00C04F79EFBC}") = "wg.modules.companies.application", "src\Modules\Companies\wg.modules.companies.application\wg.modules.companies.application.csproj", "{FC96C47A-E562-42DE-A949-B834B85271EC}"
EndProject
Project("{FAE04EC0-301F-11D3-BF4B-00C04F79EFBC}") = "wg.modules.companies.application.tests", "tests\Modules\Companies\wg.modules.companies.application.tests\wg.modules.companies.application.tests.csproj", "{B0F40EB2-AE1A-4DDC-A916-241801636928}"
EndProject
Project("{FAE04EC0-301F-11D3-BF4B-00C04F79EFBC}") = "wg.modules.companies.infrastructure", "src\Modules\Companies\wg.modules.companies.infrastructure\wg.modules.companies.infrastructure.csproj", "{D4A77E0E-DCAF-438C-918B-2285B48153BB}"
EndProject
Project("{FAE04EC0-301F-11D3-BF4B-00C04F79EFBC}") = "wg.modules.companies.api", "src\Modules\Companies\wg.modules.companies.api\wg.modules.companies.api.csproj", "{068F5FCB-23AB-4EFB-879D-5DA53E33975D}"
EndProject
Project("{FAE04EC0-301F-11D3-BF4B-00C04F79EFBC}") = "wg.modules.companies.integration.tests", "tests\Integration\Modules\wg.modules.companies.integration.tests\wg.modules.companies.integration.tests.csproj", "{1CD7FD30-CFE6-4ADB-8755-74398ACCDE0E}"
EndProject
Project("{2150E333-8FDC-42A3-9474-1A3956D46DE8}") = "Tickets", "Tickets", "{984860AD-FF0F-4017-A6F4-3B11135ABC84}"
EndProject
Project("{FAE04EC0-301F-11D3-BF4B-00C04F79EFBC}") = "wg.modules.tickets.domain", "src\Modules\Tickets\wg.modules.tickets.domain\wg.modules.tickets.domain.csproj", "{2A797EC8-70AA-441E-BC9C-5789F8C9F84B}"
EndProject
Project("{2150E333-8FDC-42A3-9474-1A3956D46DE8}") = "Tickets", "Tickets", "{405C1CD7-E809-4BFD-A557-2FD5FDF38FD1}"
EndProject
Project("{FAE04EC0-301F-11D3-BF4B-00C04F79EFBC}") = "wg.modules.tickets.domain.tests", "tests\Modules\Tickets\wg.modules.tickets.domain.tests\wg.modules.tickets.domain.tests.csproj", "{BE3AA499-3294-457D-921C-C3C1FD838D7B}"
EndProject
Project("{FAE04EC0-301F-11D3-BF4B-00C04F79EFBC}") = "wg.modules.tickets.application", "src\Modules\Tickets\wg.modules.tickets.application\wg.modules.tickets.application.csproj", "{E17D7E59-BC30-4212-A847-A9D747A01035}"
EndProject
Project("{FAE04EC0-301F-11D3-BF4B-00C04F79EFBC}") = "wg.modules.tickets.application.tests", "tests\Modules\Tickets\wg.modules.tickets.application.tests\wg.modules.tickets.application.tests.csproj", "{6E109232-6C15-41F8-9FC3-3A5F35381D37}"
EndProject
Project("{FAE04EC0-301F-11D3-BF4B-00C04F79EFBC}") = "wg.modules.tickets.infrastructure", "src\Modules\Tickets\wg.modules.tickets.infrastructure\wg.modules.tickets.infrastructure.csproj", "{7ADD52D6-CE3F-4E53-9E47-258769FE1C7E}"
EndProject
Project("{FAE04EC0-301F-11D3-BF4B-00C04F79EFBC}") = "wg.modules.companies.infrastructure.tests", "tests\Modules\Companies\wg.modules.companies.infrastructure.tests\wg.modules.companies.infrastructure.tests.csproj", "{37CC1680-2CDB-425B-9A6E-E20BDBDD56A7}"
EndProject
Project("{FAE04EC0-301F-11D3-BF4B-00C04F79EFBC}") = "wg.modules.tickets.api", "src\Modules\Tickets\wg.modules.tickets.api\wg.modules.tickets.api.csproj", "{08D1F08A-24AF-498F-A83E-C98AC573E3E0}"
EndProject
Project("{FAE04EC0-301F-11D3-BF4B-00C04F79EFBC}") = "wg.modules.tickets.integration.tests", "tests\Integration\Modules\wg.modules.tickets.integration.tests\wg.modules.tickets.integration.tests.csproj", "{E0B45871-C1C9-40B3-AAFA-3B5594A68FF5}"
EndProject
Project("{2150E333-8FDC-42A3-9474-1A3956D46DE8}") = "Notifications", "Notifications", "{CDC2B178-9E54-46E4-83EA-C4206337A6C4}"
EndProject
Project("{FAE04EC0-301F-11D3-BF4B-00C04F79EFBC}") = "wg.modules.notifications.api", "src\Modules\Notifications\wg.modules.notifications.api\wg.modules.notifications.api.csproj", "{5A632C65-AEDB-4FE6-A240-EA194AE6DB49}"
EndProject
Project("{FAE04EC0-301F-11D3-BF4B-00C04F79EFBC}") = "wg.modules.notifications.core", "src\Modules\Notifications\wg.modules.notifications.core\wg.modules.notifications.core.csproj", "{D41EC0D5-B476-4622-9883-E9117A104393}"
EndProject
Project("{2150E333-8FDC-42A3-9474-1A3956D46DE8}") = "Messages", "Messages", "{8B677AD0-D191-41B4-B0CD-C84F320B5582}"
EndProject
Project("{FAE04EC0-301F-11D3-BF4B-00C04F79EFBC}") = "wg.modules.messages.core", "src\Modules\Messages\wg.modules.messages.core\wg.modules.messages.core.csproj", "{1161D3FF-FFD0-4D21-B3A5-57C999E331AF}"
EndProject
Project("{FAE04EC0-301F-11D3-BF4B-00C04F79EFBC}") = "wg.modules.messages.api", "src\Modules\Messages\wg.modules.messages.api\wg.modules.messages.api.csproj", "{384E91DB-16FF-437A-9AF8-ACAFFE112E3D}"
EndProject
Project("{2150E333-8FDC-42A3-9474-1A3956D46DE8}") = "Messages", "Messages", "{CEFFBE14-6344-4644-AB65-5E11C532AEE2}"
EndProject
Project("{FAE04EC0-301F-11D3-BF4B-00C04F79EFBC}") = "wg.modules.messages.core.tests", "tests\Modules\Messages\wg.modules.messages.core.tests\wg.modules.messages.core.tests.csproj", "{C6F89B4E-465A-4F7D-B6FC-8647A862DBB6}"
EndProject
Project("{2150E333-8FDC-42A3-9474-1A3956D46DE8}") = "Notifications", "Notifications", "{F917781D-0332-41B9-B7E7-ECAC9E4EB67C}"
EndProject
Project("{FAE04EC0-301F-11D3-BF4B-00C04F79EFBC}") = "wg.modules.notifications.core.tests", "tests\Modules\Notifications\wg.modules.notifications.core.tests\wg.modules.notifications.core.tests.csproj", "{7188650B-2544-4E1A-9A63-5CDCEEACB5FB}"
EndProject
Project("{FAE04EC0-301F-11D3-BF4B-00C04F79EFBC}") = "wg.modules.messages.integration.tests", "tests\Integration\Modules\wg.modules.messages.integration.tests\wg.modules.messages.integration.tests.csproj", "{AC6A51D0-1EA3-4259-A0C9-367F51D6FA42}"
EndProject
Project("{FAE04EC0-301F-11D3-BF4B-00C04F79EFBC}") = "wg.modules.notifications.integration.tests", "tests\Integration\Modules\wg.modules.notifications.integration.tests\wg.modules.notifications.integration.tests.csproj", "{3300D072-444C-4A09-83F5-E47807CE6362}"
EndProject
Project("{FAE04EC0-301F-11D3-BF4B-00C04F79EFBC}") = "wg.modules.tickets.infrastructure.tests", "tests\Modules\Tickets\wg.modules.tickets.infrastructure.tests\wg.modules.tickets.infrastructure.tests.csproj", "{83D23142-9ACF-47B0-B0CF-C4CB895D8DBE}"
EndProject
Project("{2150E333-8FDC-42A3-9474-1A3956D46DE8}") = "Activities", "Activities", "{67628F21-8A90-40C9-8971-5887EEBB43C0}"
EndProject
Project("{FAE04EC0-301F-11D3-BF4B-00C04F79EFBC}") = "wg.modules.activities.domain", "src\Modules\Activities\wg.modules.activities.domain\wg.modules.activities.domain.csproj", "{C7B5B07A-1DFF-4C5B-B030-A9F7FFFD5319}"
EndProject
Project("{2150E333-8FDC-42A3-9474-1A3956D46DE8}") = "Activities", "Activities", "{04955627-2327-4E1B-9FD6-34890F6CA5A2}"
EndProject
Project("{FAE04EC0-301F-11D3-BF4B-00C04F79EFBC}") = "wg.modules.activities.domain.tests", "tests\Modules\Activities\wg.modules.activities.domain.tests\wg.modules.activities.domain.tests.csproj", "{572893AB-E44F-49FB-B094-13B267C3B4DB}"
EndProject
Project("{FAE04EC0-301F-11D3-BF4B-00C04F79EFBC}") = "wg.modules.activities.application", "src\Modules\Activities\wg.modules.activities.application\wg.modules.activities.application.csproj", "{48922421-54A6-4B08-A7B1-F2D0BA081F89}"
EndProject
Project("{FAE04EC0-301F-11D3-BF4B-00C04F79EFBC}") = "wg.modules.activities.application.tests", "tests\Modules\Activities\wg.modules.activities.application.tests\wg.modules.activities.application.tests.csproj", "{458F4F7E-460C-43B0-ADD6-D8A2BD4E9E56}"
EndProject
Project("{FAE04EC0-301F-11D3-BF4B-00C04F79EFBC}") = "wg.modules.activities.infrastructure", "src\Modules\Activities\wg.modules.activities.infrastructure\wg.modules.activities.infrastructure.csproj", "{19F87706-2A4C-45A0-AE24-5F6FA6175F8A}"
EndProject
Project("{FAE04EC0-301F-11D3-BF4B-00C04F79EFBC}") = "wg.modules.activities.api", "src\Modules\Activities\wg.modules.activities.api\wg.modules.activities.api.csproj", "{E1E127AD-B2D3-43A4-9023-AFDA24D90E45}"
EndProject
Project("{FAE04EC0-301F-11D3-BF4B-00C04F79EFBC}") = "wg.modules.activities.integration.tests", "tests\Integration\Modules\wg.modules.activities.integration.tests\wg.modules.activities.integration.tests.csproj", "{E378F6E8-BC37-47E2-B9C3-B673ECDB145B}"
EndProject
Project("{FAE04EC0-301F-11D3-BF4B-00C04F79EFBC}") = "wg.modules.activities.infrastructure.tests", "tests\Modules\Activities\wg.modules.activities.infrastructure.tests\wg.modules.activities.infrastructure.tests.csproj", "{3BBBA9D5-D458-4125-A09D-27CD766C709A}"
EndProject
Project("{2150E333-8FDC-42A3-9474-1A3956D46DE8}") = "Wiki", "Wiki", "{2A843A8A-EA1C-4443-9331-08485471456D}"
EndProject
Project("{FAE04EC0-301F-11D3-BF4B-00C04F79EFBC}") = "wg.modules.wiki.core", "src\Modules\Wiki\wg.modules.wiki.core\wg.modules.wiki.core.csproj", "{03C11A40-AC02-4B57-971B-6F3928FF7135}"
EndProject
Global
	GlobalSection(SolutionConfigurationPlatforms) = preSolution
		Debug|Any CPU = Debug|Any CPU
		Release|Any CPU = Release|Any CPU
	EndGlobalSection
	GlobalSection(NestedProjects) = preSolution
		{1E378BD4-FFA8-41D8-AF6E-CB82BAAB9FEF} = {112092D9-51F0-4396-B66F-F42A6294E7D4}
		{0C66A3B5-F760-4BF0-8648-5C5124B7E50F} = {112092D9-51F0-4396-B66F-F42A6294E7D4}
		{8F859F9D-F3D4-4E5F-98B0-5F8091947EE1} = {112092D9-51F0-4396-B66F-F42A6294E7D4}
		{CD5991C7-55FC-4DEA-86E2-DBA760DE1D34} = {5E354159-7261-47D5-8AA7-6B5CE54C8CBA}
		{50AAE35A-DF29-455D-8290-069FED15F08F} = {CD5991C7-55FC-4DEA-86E2-DBA760DE1D34}
		{3AD089EF-9811-48EA-B425-FD01A63513BB} = {1E378BD4-FFA8-41D8-AF6E-CB82BAAB9FEF}
		{85C133A8-F98C-4FE3-B06A-DCC6259CFCE1} = {3AD089EF-9811-48EA-B425-FD01A63513BB}
		{CF9C783C-DA78-4D1C-AEA6-DD8E2DB77C0E} = {50AAE35A-DF29-455D-8290-069FED15F08F}
		{BB54F46B-E4D8-422C-926D-3BECA906A919} = {8F859F9D-F3D4-4E5F-98B0-5F8091947EE1}
		{3D908F3F-E18A-453C-8705-D201BEDA7A72} = {8F859F9D-F3D4-4E5F-98B0-5F8091947EE1}
		{9EF88AF5-E641-44B6-8B20-BB2291F960BD} = {3AD089EF-9811-48EA-B425-FD01A63513BB}
		{38BA0508-A863-4EFA-9C65-BA05CE2689CD} = {50AAE35A-DF29-455D-8290-069FED15F08F}
		{EB094BD2-FA5C-4EA6-8420-C2F0201EDC6D} = {5E354159-7261-47D5-8AA7-6B5CE54C8CBA}
		{2F6C4F4B-8EF4-4DC4-A06A-D736AAC93957} = {0C66A3B5-F760-4BF0-8648-5C5124B7E50F}
		{C3901E1D-AC86-42F6-9354-D79096A4C7DB} = {3AD089EF-9811-48EA-B425-FD01A63513BB}
		{28CC0313-8204-4A2D-9D42-3EEF42D4F45A} = {3AD089EF-9811-48EA-B425-FD01A63513BB}
		{212AF2FA-C1FA-4ED5-8296-7A01C08CCE41} = {50AAE35A-DF29-455D-8290-069FED15F08F}
		{6C56C11E-2B44-41AD-B67E-4A743B63B563} = {5E354159-7261-47D5-8AA7-6B5CE54C8CBA}
		{36BA58D3-544B-46E6-BCA2-BDC57EB0E62E} = {6C56C11E-2B44-41AD-B67E-4A743B63B563}
		{AF284D2B-53DB-444B-8538-B91DB9987ADE} = {36BA58D3-544B-46E6-BCA2-BDC57EB0E62E}
		{3A853327-1EAC-4DE3-AE02-EC06C6359FE3} = {5E354159-7261-47D5-8AA7-6B5CE54C8CBA}
		{213814F7-72D0-480F-B0E9-0710A2B3F9C5} = {EB094BD2-FA5C-4EA6-8420-C2F0201EDC6D}
		{FD0CE981-8432-4B57-B654-A91D55B67903} = {1E378BD4-FFA8-41D8-AF6E-CB82BAAB9FEF}
		{7D31D878-29AF-4259-9D88-14F230723818} = {FD0CE981-8432-4B57-B654-A91D55B67903}
		{ED0C0608-7C3D-43E1-9E71-8305AFEE3076} = {CD5991C7-55FC-4DEA-86E2-DBA760DE1D34}
		{F713C96C-5FEA-4B6B-9A33-E5D38D527F50} = {ED0C0608-7C3D-43E1-9E71-8305AFEE3076}
		{FC96C47A-E562-42DE-A949-B834B85271EC} = {FD0CE981-8432-4B57-B654-A91D55B67903}
		{B0F40EB2-AE1A-4DDC-A916-241801636928} = {ED0C0608-7C3D-43E1-9E71-8305AFEE3076}
		{D4A77E0E-DCAF-438C-918B-2285B48153BB} = {FD0CE981-8432-4B57-B654-A91D55B67903}
		{068F5FCB-23AB-4EFB-879D-5DA53E33975D} = {FD0CE981-8432-4B57-B654-A91D55B67903}
		{1CD7FD30-CFE6-4ADB-8755-74398ACCDE0E} = {36BA58D3-544B-46E6-BCA2-BDC57EB0E62E}
		{984860AD-FF0F-4017-A6F4-3B11135ABC84} = {1E378BD4-FFA8-41D8-AF6E-CB82BAAB9FEF}
		{2A797EC8-70AA-441E-BC9C-5789F8C9F84B} = {984860AD-FF0F-4017-A6F4-3B11135ABC84}
		{405C1CD7-E809-4BFD-A557-2FD5FDF38FD1} = {CD5991C7-55FC-4DEA-86E2-DBA760DE1D34}
		{BE3AA499-3294-457D-921C-C3C1FD838D7B} = {405C1CD7-E809-4BFD-A557-2FD5FDF38FD1}
		{E17D7E59-BC30-4212-A847-A9D747A01035} = {984860AD-FF0F-4017-A6F4-3B11135ABC84}
		{6E109232-6C15-41F8-9FC3-3A5F35381D37} = {405C1CD7-E809-4BFD-A557-2FD5FDF38FD1}
		{7ADD52D6-CE3F-4E53-9E47-258769FE1C7E} = {984860AD-FF0F-4017-A6F4-3B11135ABC84}
		{37CC1680-2CDB-425B-9A6E-E20BDBDD56A7} = {ED0C0608-7C3D-43E1-9E71-8305AFEE3076}
		{08D1F08A-24AF-498F-A83E-C98AC573E3E0} = {984860AD-FF0F-4017-A6F4-3B11135ABC84}
		{E0B45871-C1C9-40B3-AAFA-3B5594A68FF5} = {36BA58D3-544B-46E6-BCA2-BDC57EB0E62E}
		{CDC2B178-9E54-46E4-83EA-C4206337A6C4} = {1E378BD4-FFA8-41D8-AF6E-CB82BAAB9FEF}
		{5A632C65-AEDB-4FE6-A240-EA194AE6DB49} = {CDC2B178-9E54-46E4-83EA-C4206337A6C4}
		{D41EC0D5-B476-4622-9883-E9117A104393} = {CDC2B178-9E54-46E4-83EA-C4206337A6C4}
		{8B677AD0-D191-41B4-B0CD-C84F320B5582} = {1E378BD4-FFA8-41D8-AF6E-CB82BAAB9FEF}
		{1161D3FF-FFD0-4D21-B3A5-57C999E331AF} = {8B677AD0-D191-41B4-B0CD-C84F320B5582}
		{384E91DB-16FF-437A-9AF8-ACAFFE112E3D} = {8B677AD0-D191-41B4-B0CD-C84F320B5582}
		{CEFFBE14-6344-4644-AB65-5E11C532AEE2} = {CD5991C7-55FC-4DEA-86E2-DBA760DE1D34}
		{C6F89B4E-465A-4F7D-B6FC-8647A862DBB6} = {CEFFBE14-6344-4644-AB65-5E11C532AEE2}
		{F917781D-0332-41B9-B7E7-ECAC9E4EB67C} = {CD5991C7-55FC-4DEA-86E2-DBA760DE1D34}
		{7188650B-2544-4E1A-9A63-5CDCEEACB5FB} = {F917781D-0332-41B9-B7E7-ECAC9E4EB67C}
		{AC6A51D0-1EA3-4259-A0C9-367F51D6FA42} = {36BA58D3-544B-46E6-BCA2-BDC57EB0E62E}
		{3300D072-444C-4A09-83F5-E47807CE6362} = {36BA58D3-544B-46E6-BCA2-BDC57EB0E62E}
		{83D23142-9ACF-47B0-B0CF-C4CB895D8DBE} = {405C1CD7-E809-4BFD-A557-2FD5FDF38FD1}
		{67628F21-8A90-40C9-8971-5887EEBB43C0} = {1E378BD4-FFA8-41D8-AF6E-CB82BAAB9FEF}
		{C7B5B07A-1DFF-4C5B-B030-A9F7FFFD5319} = {67628F21-8A90-40C9-8971-5887EEBB43C0}
		{04955627-2327-4E1B-9FD6-34890F6CA5A2} = {CD5991C7-55FC-4DEA-86E2-DBA760DE1D34}
		{572893AB-E44F-49FB-B094-13B267C3B4DB} = {04955627-2327-4E1B-9FD6-34890F6CA5A2}
		{48922421-54A6-4B08-A7B1-F2D0BA081F89} = {67628F21-8A90-40C9-8971-5887EEBB43C0}
		{458F4F7E-460C-43B0-ADD6-D8A2BD4E9E56} = {04955627-2327-4E1B-9FD6-34890F6CA5A2}
		{19F87706-2A4C-45A0-AE24-5F6FA6175F8A} = {67628F21-8A90-40C9-8971-5887EEBB43C0}
		{E1E127AD-B2D3-43A4-9023-AFDA24D90E45} = {67628F21-8A90-40C9-8971-5887EEBB43C0}
		{E378F6E8-BC37-47E2-B9C3-B673ECDB145B} = {36BA58D3-544B-46E6-BCA2-BDC57EB0E62E}
		{3BBBA9D5-D458-4125-A09D-27CD766C709A} = {04955627-2327-4E1B-9FD6-34890F6CA5A2}
		{2A843A8A-EA1C-4443-9331-08485471456D} = {1E378BD4-FFA8-41D8-AF6E-CB82BAAB9FEF}
		{03C11A40-AC02-4B57-971B-6F3928FF7135} = {2A843A8A-EA1C-4443-9331-08485471456D}
	EndGlobalSection
	GlobalSection(ProjectConfigurationPlatforms) = postSolution
		{85C133A8-F98C-4FE3-B06A-DCC6259CFCE1}.Debug|Any CPU.ActiveCfg = Debug|Any CPU
		{85C133A8-F98C-4FE3-B06A-DCC6259CFCE1}.Debug|Any CPU.Build.0 = Debug|Any CPU
		{85C133A8-F98C-4FE3-B06A-DCC6259CFCE1}.Release|Any CPU.ActiveCfg = Release|Any CPU
		{85C133A8-F98C-4FE3-B06A-DCC6259CFCE1}.Release|Any CPU.Build.0 = Release|Any CPU
		{CF9C783C-DA78-4D1C-AEA6-DD8E2DB77C0E}.Debug|Any CPU.ActiveCfg = Debug|Any CPU
		{CF9C783C-DA78-4D1C-AEA6-DD8E2DB77C0E}.Debug|Any CPU.Build.0 = Debug|Any CPU
		{CF9C783C-DA78-4D1C-AEA6-DD8E2DB77C0E}.Release|Any CPU.ActiveCfg = Release|Any CPU
		{CF9C783C-DA78-4D1C-AEA6-DD8E2DB77C0E}.Release|Any CPU.Build.0 = Release|Any CPU
		{BB54F46B-E4D8-422C-926D-3BECA906A919}.Debug|Any CPU.ActiveCfg = Debug|Any CPU
		{BB54F46B-E4D8-422C-926D-3BECA906A919}.Debug|Any CPU.Build.0 = Debug|Any CPU
		{BB54F46B-E4D8-422C-926D-3BECA906A919}.Release|Any CPU.ActiveCfg = Release|Any CPU
		{BB54F46B-E4D8-422C-926D-3BECA906A919}.Release|Any CPU.Build.0 = Release|Any CPU
		{3D908F3F-E18A-453C-8705-D201BEDA7A72}.Debug|Any CPU.ActiveCfg = Debug|Any CPU
		{3D908F3F-E18A-453C-8705-D201BEDA7A72}.Debug|Any CPU.Build.0 = Debug|Any CPU
		{3D908F3F-E18A-453C-8705-D201BEDA7A72}.Release|Any CPU.ActiveCfg = Release|Any CPU
		{3D908F3F-E18A-453C-8705-D201BEDA7A72}.Release|Any CPU.Build.0 = Release|Any CPU
		{9EF88AF5-E641-44B6-8B20-BB2291F960BD}.Debug|Any CPU.ActiveCfg = Debug|Any CPU
		{9EF88AF5-E641-44B6-8B20-BB2291F960BD}.Debug|Any CPU.Build.0 = Debug|Any CPU
		{9EF88AF5-E641-44B6-8B20-BB2291F960BD}.Release|Any CPU.ActiveCfg = Release|Any CPU
		{9EF88AF5-E641-44B6-8B20-BB2291F960BD}.Release|Any CPU.Build.0 = Release|Any CPU
		{38BA0508-A863-4EFA-9C65-BA05CE2689CD}.Debug|Any CPU.ActiveCfg = Debug|Any CPU
		{38BA0508-A863-4EFA-9C65-BA05CE2689CD}.Debug|Any CPU.Build.0 = Debug|Any CPU
		{38BA0508-A863-4EFA-9C65-BA05CE2689CD}.Release|Any CPU.ActiveCfg = Release|Any CPU
		{38BA0508-A863-4EFA-9C65-BA05CE2689CD}.Release|Any CPU.Build.0 = Release|Any CPU
		{3A853327-1EAC-4DE3-AE02-EC06C6359FE3}.Debug|Any CPU.ActiveCfg = Debug|Any CPU
		{3A853327-1EAC-4DE3-AE02-EC06C6359FE3}.Debug|Any CPU.Build.0 = Debug|Any CPU
		{3A853327-1EAC-4DE3-AE02-EC06C6359FE3}.Release|Any CPU.ActiveCfg = Release|Any CPU
		{3A853327-1EAC-4DE3-AE02-EC06C6359FE3}.Release|Any CPU.Build.0 = Release|Any CPU
		{2F6C4F4B-8EF4-4DC4-A06A-D736AAC93957}.Debug|Any CPU.ActiveCfg = Debug|Any CPU
		{2F6C4F4B-8EF4-4DC4-A06A-D736AAC93957}.Debug|Any CPU.Build.0 = Debug|Any CPU
		{2F6C4F4B-8EF4-4DC4-A06A-D736AAC93957}.Release|Any CPU.ActiveCfg = Release|Any CPU
		{2F6C4F4B-8EF4-4DC4-A06A-D736AAC93957}.Release|Any CPU.Build.0 = Release|Any CPU
		{C3901E1D-AC86-42F6-9354-D79096A4C7DB}.Debug|Any CPU.ActiveCfg = Debug|Any CPU
		{C3901E1D-AC86-42F6-9354-D79096A4C7DB}.Debug|Any CPU.Build.0 = Debug|Any CPU
		{C3901E1D-AC86-42F6-9354-D79096A4C7DB}.Release|Any CPU.ActiveCfg = Release|Any CPU
		{C3901E1D-AC86-42F6-9354-D79096A4C7DB}.Release|Any CPU.Build.0 = Release|Any CPU
		{28CC0313-8204-4A2D-9D42-3EEF42D4F45A}.Debug|Any CPU.ActiveCfg = Debug|Any CPU
		{28CC0313-8204-4A2D-9D42-3EEF42D4F45A}.Debug|Any CPU.Build.0 = Debug|Any CPU
		{28CC0313-8204-4A2D-9D42-3EEF42D4F45A}.Release|Any CPU.ActiveCfg = Release|Any CPU
		{28CC0313-8204-4A2D-9D42-3EEF42D4F45A}.Release|Any CPU.Build.0 = Release|Any CPU
		{212AF2FA-C1FA-4ED5-8296-7A01C08CCE41}.Debug|Any CPU.ActiveCfg = Debug|Any CPU
		{212AF2FA-C1FA-4ED5-8296-7A01C08CCE41}.Debug|Any CPU.Build.0 = Debug|Any CPU
		{212AF2FA-C1FA-4ED5-8296-7A01C08CCE41}.Release|Any CPU.ActiveCfg = Release|Any CPU
		{212AF2FA-C1FA-4ED5-8296-7A01C08CCE41}.Release|Any CPU.Build.0 = Release|Any CPU
		{AF284D2B-53DB-444B-8538-B91DB9987ADE}.Debug|Any CPU.ActiveCfg = Debug|Any CPU
		{AF284D2B-53DB-444B-8538-B91DB9987ADE}.Debug|Any CPU.Build.0 = Debug|Any CPU
		{AF284D2B-53DB-444B-8538-B91DB9987ADE}.Release|Any CPU.ActiveCfg = Release|Any CPU
		{AF284D2B-53DB-444B-8538-B91DB9987ADE}.Release|Any CPU.Build.0 = Release|Any CPU
		{213814F7-72D0-480F-B0E9-0710A2B3F9C5}.Debug|Any CPU.ActiveCfg = Debug|Any CPU
		{213814F7-72D0-480F-B0E9-0710A2B3F9C5}.Debug|Any CPU.Build.0 = Debug|Any CPU
		{213814F7-72D0-480F-B0E9-0710A2B3F9C5}.Release|Any CPU.ActiveCfg = Release|Any CPU
		{213814F7-72D0-480F-B0E9-0710A2B3F9C5}.Release|Any CPU.Build.0 = Release|Any CPU
		{7D31D878-29AF-4259-9D88-14F230723818}.Debug|Any CPU.ActiveCfg = Debug|Any CPU
		{7D31D878-29AF-4259-9D88-14F230723818}.Debug|Any CPU.Build.0 = Debug|Any CPU
		{7D31D878-29AF-4259-9D88-14F230723818}.Release|Any CPU.ActiveCfg = Release|Any CPU
		{7D31D878-29AF-4259-9D88-14F230723818}.Release|Any CPU.Build.0 = Release|Any CPU
		{F713C96C-5FEA-4B6B-9A33-E5D38D527F50}.Debug|Any CPU.ActiveCfg = Debug|Any CPU
		{F713C96C-5FEA-4B6B-9A33-E5D38D527F50}.Debug|Any CPU.Build.0 = Debug|Any CPU
		{F713C96C-5FEA-4B6B-9A33-E5D38D527F50}.Release|Any CPU.ActiveCfg = Release|Any CPU
		{F713C96C-5FEA-4B6B-9A33-E5D38D527F50}.Release|Any CPU.Build.0 = Release|Any CPU
		{FC96C47A-E562-42DE-A949-B834B85271EC}.Debug|Any CPU.ActiveCfg = Debug|Any CPU
		{FC96C47A-E562-42DE-A949-B834B85271EC}.Debug|Any CPU.Build.0 = Debug|Any CPU
		{FC96C47A-E562-42DE-A949-B834B85271EC}.Release|Any CPU.ActiveCfg = Release|Any CPU
		{FC96C47A-E562-42DE-A949-B834B85271EC}.Release|Any CPU.Build.0 = Release|Any CPU
		{B0F40EB2-AE1A-4DDC-A916-241801636928}.Debug|Any CPU.ActiveCfg = Debug|Any CPU
		{B0F40EB2-AE1A-4DDC-A916-241801636928}.Debug|Any CPU.Build.0 = Debug|Any CPU
		{B0F40EB2-AE1A-4DDC-A916-241801636928}.Release|Any CPU.ActiveCfg = Release|Any CPU
		{B0F40EB2-AE1A-4DDC-A916-241801636928}.Release|Any CPU.Build.0 = Release|Any CPU
		{D4A77E0E-DCAF-438C-918B-2285B48153BB}.Debug|Any CPU.ActiveCfg = Debug|Any CPU
		{D4A77E0E-DCAF-438C-918B-2285B48153BB}.Debug|Any CPU.Build.0 = Debug|Any CPU
		{D4A77E0E-DCAF-438C-918B-2285B48153BB}.Release|Any CPU.ActiveCfg = Release|Any CPU
		{D4A77E0E-DCAF-438C-918B-2285B48153BB}.Release|Any CPU.Build.0 = Release|Any CPU
		{068F5FCB-23AB-4EFB-879D-5DA53E33975D}.Debug|Any CPU.ActiveCfg = Debug|Any CPU
		{068F5FCB-23AB-4EFB-879D-5DA53E33975D}.Debug|Any CPU.Build.0 = Debug|Any CPU
		{068F5FCB-23AB-4EFB-879D-5DA53E33975D}.Release|Any CPU.ActiveCfg = Release|Any CPU
		{068F5FCB-23AB-4EFB-879D-5DA53E33975D}.Release|Any CPU.Build.0 = Release|Any CPU
		{1CD7FD30-CFE6-4ADB-8755-74398ACCDE0E}.Debug|Any CPU.ActiveCfg = Debug|Any CPU
		{1CD7FD30-CFE6-4ADB-8755-74398ACCDE0E}.Debug|Any CPU.Build.0 = Debug|Any CPU
		{1CD7FD30-CFE6-4ADB-8755-74398ACCDE0E}.Release|Any CPU.ActiveCfg = Release|Any CPU
		{1CD7FD30-CFE6-4ADB-8755-74398ACCDE0E}.Release|Any CPU.Build.0 = Release|Any CPU
		{2A797EC8-70AA-441E-BC9C-5789F8C9F84B}.Debug|Any CPU.ActiveCfg = Debug|Any CPU
		{2A797EC8-70AA-441E-BC9C-5789F8C9F84B}.Debug|Any CPU.Build.0 = Debug|Any CPU
		{2A797EC8-70AA-441E-BC9C-5789F8C9F84B}.Release|Any CPU.ActiveCfg = Release|Any CPU
		{2A797EC8-70AA-441E-BC9C-5789F8C9F84B}.Release|Any CPU.Build.0 = Release|Any CPU
		{BE3AA499-3294-457D-921C-C3C1FD838D7B}.Debug|Any CPU.ActiveCfg = Debug|Any CPU
		{BE3AA499-3294-457D-921C-C3C1FD838D7B}.Debug|Any CPU.Build.0 = Debug|Any CPU
		{BE3AA499-3294-457D-921C-C3C1FD838D7B}.Release|Any CPU.ActiveCfg = Release|Any CPU
		{BE3AA499-3294-457D-921C-C3C1FD838D7B}.Release|Any CPU.Build.0 = Release|Any CPU
		{E17D7E59-BC30-4212-A847-A9D747A01035}.Debug|Any CPU.ActiveCfg = Debug|Any CPU
		{E17D7E59-BC30-4212-A847-A9D747A01035}.Debug|Any CPU.Build.0 = Debug|Any CPU
		{E17D7E59-BC30-4212-A847-A9D747A01035}.Release|Any CPU.ActiveCfg = Release|Any CPU
		{E17D7E59-BC30-4212-A847-A9D747A01035}.Release|Any CPU.Build.0 = Release|Any CPU
		{6E109232-6C15-41F8-9FC3-3A5F35381D37}.Debug|Any CPU.ActiveCfg = Debug|Any CPU
		{6E109232-6C15-41F8-9FC3-3A5F35381D37}.Debug|Any CPU.Build.0 = Debug|Any CPU
		{6E109232-6C15-41F8-9FC3-3A5F35381D37}.Release|Any CPU.ActiveCfg = Release|Any CPU
		{6E109232-6C15-41F8-9FC3-3A5F35381D37}.Release|Any CPU.Build.0 = Release|Any CPU
		{7ADD52D6-CE3F-4E53-9E47-258769FE1C7E}.Debug|Any CPU.ActiveCfg = Debug|Any CPU
		{7ADD52D6-CE3F-4E53-9E47-258769FE1C7E}.Debug|Any CPU.Build.0 = Debug|Any CPU
		{7ADD52D6-CE3F-4E53-9E47-258769FE1C7E}.Release|Any CPU.ActiveCfg = Release|Any CPU
		{7ADD52D6-CE3F-4E53-9E47-258769FE1C7E}.Release|Any CPU.Build.0 = Release|Any CPU
		{37CC1680-2CDB-425B-9A6E-E20BDBDD56A7}.Debug|Any CPU.ActiveCfg = Debug|Any CPU
		{37CC1680-2CDB-425B-9A6E-E20BDBDD56A7}.Debug|Any CPU.Build.0 = Debug|Any CPU
		{37CC1680-2CDB-425B-9A6E-E20BDBDD56A7}.Release|Any CPU.ActiveCfg = Release|Any CPU
		{37CC1680-2CDB-425B-9A6E-E20BDBDD56A7}.Release|Any CPU.Build.0 = Release|Any CPU
		{08D1F08A-24AF-498F-A83E-C98AC573E3E0}.Debug|Any CPU.ActiveCfg = Debug|Any CPU
		{08D1F08A-24AF-498F-A83E-C98AC573E3E0}.Debug|Any CPU.Build.0 = Debug|Any CPU
		{08D1F08A-24AF-498F-A83E-C98AC573E3E0}.Release|Any CPU.ActiveCfg = Release|Any CPU
		{08D1F08A-24AF-498F-A83E-C98AC573E3E0}.Release|Any CPU.Build.0 = Release|Any CPU
		{E0B45871-C1C9-40B3-AAFA-3B5594A68FF5}.Debug|Any CPU.ActiveCfg = Debug|Any CPU
		{E0B45871-C1C9-40B3-AAFA-3B5594A68FF5}.Debug|Any CPU.Build.0 = Debug|Any CPU
		{E0B45871-C1C9-40B3-AAFA-3B5594A68FF5}.Release|Any CPU.ActiveCfg = Release|Any CPU
		{E0B45871-C1C9-40B3-AAFA-3B5594A68FF5}.Release|Any CPU.Build.0 = Release|Any CPU
		{5A632C65-AEDB-4FE6-A240-EA194AE6DB49}.Debug|Any CPU.ActiveCfg = Debug|Any CPU
		{5A632C65-AEDB-4FE6-A240-EA194AE6DB49}.Debug|Any CPU.Build.0 = Debug|Any CPU
		{5A632C65-AEDB-4FE6-A240-EA194AE6DB49}.Release|Any CPU.ActiveCfg = Release|Any CPU
		{5A632C65-AEDB-4FE6-A240-EA194AE6DB49}.Release|Any CPU.Build.0 = Release|Any CPU
		{D41EC0D5-B476-4622-9883-E9117A104393}.Debug|Any CPU.ActiveCfg = Debug|Any CPU
		{D41EC0D5-B476-4622-9883-E9117A104393}.Debug|Any CPU.Build.0 = Debug|Any CPU
		{D41EC0D5-B476-4622-9883-E9117A104393}.Release|Any CPU.ActiveCfg = Release|Any CPU
		{D41EC0D5-B476-4622-9883-E9117A104393}.Release|Any CPU.Build.0 = Release|Any CPU
		{1161D3FF-FFD0-4D21-B3A5-57C999E331AF}.Debug|Any CPU.ActiveCfg = Debug|Any CPU
		{1161D3FF-FFD0-4D21-B3A5-57C999E331AF}.Debug|Any CPU.Build.0 = Debug|Any CPU
		{1161D3FF-FFD0-4D21-B3A5-57C999E331AF}.Release|Any CPU.ActiveCfg = Release|Any CPU
		{1161D3FF-FFD0-4D21-B3A5-57C999E331AF}.Release|Any CPU.Build.0 = Release|Any CPU
		{384E91DB-16FF-437A-9AF8-ACAFFE112E3D}.Debug|Any CPU.ActiveCfg = Debug|Any CPU
		{384E91DB-16FF-437A-9AF8-ACAFFE112E3D}.Debug|Any CPU.Build.0 = Debug|Any CPU
		{384E91DB-16FF-437A-9AF8-ACAFFE112E3D}.Release|Any CPU.ActiveCfg = Release|Any CPU
		{384E91DB-16FF-437A-9AF8-ACAFFE112E3D}.Release|Any CPU.Build.0 = Release|Any CPU
		{C6F89B4E-465A-4F7D-B6FC-8647A862DBB6}.Debug|Any CPU.ActiveCfg = Debug|Any CPU
		{C6F89B4E-465A-4F7D-B6FC-8647A862DBB6}.Debug|Any CPU.Build.0 = Debug|Any CPU
		{C6F89B4E-465A-4F7D-B6FC-8647A862DBB6}.Release|Any CPU.ActiveCfg = Release|Any CPU
		{C6F89B4E-465A-4F7D-B6FC-8647A862DBB6}.Release|Any CPU.Build.0 = Release|Any CPU
		{7188650B-2544-4E1A-9A63-5CDCEEACB5FB}.Debug|Any CPU.ActiveCfg = Debug|Any CPU
		{7188650B-2544-4E1A-9A63-5CDCEEACB5FB}.Debug|Any CPU.Build.0 = Debug|Any CPU
		{7188650B-2544-4E1A-9A63-5CDCEEACB5FB}.Release|Any CPU.ActiveCfg = Release|Any CPU
		{7188650B-2544-4E1A-9A63-5CDCEEACB5FB}.Release|Any CPU.Build.0 = Release|Any CPU
		{AC6A51D0-1EA3-4259-A0C9-367F51D6FA42}.Debug|Any CPU.ActiveCfg = Debug|Any CPU
		{AC6A51D0-1EA3-4259-A0C9-367F51D6FA42}.Debug|Any CPU.Build.0 = Debug|Any CPU
		{AC6A51D0-1EA3-4259-A0C9-367F51D6FA42}.Release|Any CPU.ActiveCfg = Release|Any CPU
		{AC6A51D0-1EA3-4259-A0C9-367F51D6FA42}.Release|Any CPU.Build.0 = Release|Any CPU
		{3300D072-444C-4A09-83F5-E47807CE6362}.Debug|Any CPU.ActiveCfg = Debug|Any CPU
		{3300D072-444C-4A09-83F5-E47807CE6362}.Debug|Any CPU.Build.0 = Debug|Any CPU
		{3300D072-444C-4A09-83F5-E47807CE6362}.Release|Any CPU.ActiveCfg = Release|Any CPU
		{3300D072-444C-4A09-83F5-E47807CE6362}.Release|Any CPU.Build.0 = Release|Any CPU
		{83D23142-9ACF-47B0-B0CF-C4CB895D8DBE}.Debug|Any CPU.ActiveCfg = Debug|Any CPU
		{83D23142-9ACF-47B0-B0CF-C4CB895D8DBE}.Debug|Any CPU.Build.0 = Debug|Any CPU
		{83D23142-9ACF-47B0-B0CF-C4CB895D8DBE}.Release|Any CPU.ActiveCfg = Release|Any CPU
		{83D23142-9ACF-47B0-B0CF-C4CB895D8DBE}.Release|Any CPU.Build.0 = Release|Any CPU
		{C7B5B07A-1DFF-4C5B-B030-A9F7FFFD5319}.Debug|Any CPU.ActiveCfg = Debug|Any CPU
		{C7B5B07A-1DFF-4C5B-B030-A9F7FFFD5319}.Debug|Any CPU.Build.0 = Debug|Any CPU
		{C7B5B07A-1DFF-4C5B-B030-A9F7FFFD5319}.Release|Any CPU.ActiveCfg = Release|Any CPU
		{C7B5B07A-1DFF-4C5B-B030-A9F7FFFD5319}.Release|Any CPU.Build.0 = Release|Any CPU
		{572893AB-E44F-49FB-B094-13B267C3B4DB}.Debug|Any CPU.ActiveCfg = Debug|Any CPU
		{572893AB-E44F-49FB-B094-13B267C3B4DB}.Debug|Any CPU.Build.0 = Debug|Any CPU
		{572893AB-E44F-49FB-B094-13B267C3B4DB}.Release|Any CPU.ActiveCfg = Release|Any CPU
		{572893AB-E44F-49FB-B094-13B267C3B4DB}.Release|Any CPU.Build.0 = Release|Any CPU
		{48922421-54A6-4B08-A7B1-F2D0BA081F89}.Debug|Any CPU.ActiveCfg = Debug|Any CPU
		{48922421-54A6-4B08-A7B1-F2D0BA081F89}.Debug|Any CPU.Build.0 = Debug|Any CPU
		{48922421-54A6-4B08-A7B1-F2D0BA081F89}.Release|Any CPU.ActiveCfg = Release|Any CPU
		{48922421-54A6-4B08-A7B1-F2D0BA081F89}.Release|Any CPU.Build.0 = Release|Any CPU
		{458F4F7E-460C-43B0-ADD6-D8A2BD4E9E56}.Debug|Any CPU.ActiveCfg = Debug|Any CPU
		{458F4F7E-460C-43B0-ADD6-D8A2BD4E9E56}.Debug|Any CPU.Build.0 = Debug|Any CPU
		{458F4F7E-460C-43B0-ADD6-D8A2BD4E9E56}.Release|Any CPU.ActiveCfg = Release|Any CPU
		{458F4F7E-460C-43B0-ADD6-D8A2BD4E9E56}.Release|Any CPU.Build.0 = Release|Any CPU
		{19F87706-2A4C-45A0-AE24-5F6FA6175F8A}.Debug|Any CPU.ActiveCfg = Debug|Any CPU
		{19F87706-2A4C-45A0-AE24-5F6FA6175F8A}.Debug|Any CPU.Build.0 = Debug|Any CPU
		{19F87706-2A4C-45A0-AE24-5F6FA6175F8A}.Release|Any CPU.ActiveCfg = Release|Any CPU
		{19F87706-2A4C-45A0-AE24-5F6FA6175F8A}.Release|Any CPU.Build.0 = Release|Any CPU
		{E1E127AD-B2D3-43A4-9023-AFDA24D90E45}.Debug|Any CPU.ActiveCfg = Debug|Any CPU
		{E1E127AD-B2D3-43A4-9023-AFDA24D90E45}.Debug|Any CPU.Build.0 = Debug|Any CPU
		{E1E127AD-B2D3-43A4-9023-AFDA24D90E45}.Release|Any CPU.ActiveCfg = Release|Any CPU
		{E1E127AD-B2D3-43A4-9023-AFDA24D90E45}.Release|Any CPU.Build.0 = Release|Any CPU
		{E378F6E8-BC37-47E2-B9C3-B673ECDB145B}.Debug|Any CPU.ActiveCfg = Debug|Any CPU
		{E378F6E8-BC37-47E2-B9C3-B673ECDB145B}.Debug|Any CPU.Build.0 = Debug|Any CPU
		{E378F6E8-BC37-47E2-B9C3-B673ECDB145B}.Release|Any CPU.ActiveCfg = Release|Any CPU
		{E378F6E8-BC37-47E2-B9C3-B673ECDB145B}.Release|Any CPU.Build.0 = Release|Any CPU
		{3BBBA9D5-D458-4125-A09D-27CD766C709A}.Debug|Any CPU.ActiveCfg = Debug|Any CPU
		{3BBBA9D5-D458-4125-A09D-27CD766C709A}.Debug|Any CPU.Build.0 = Debug|Any CPU
		{3BBBA9D5-D458-4125-A09D-27CD766C709A}.Release|Any CPU.ActiveCfg = Release|Any CPU
		{3BBBA9D5-D458-4125-A09D-27CD766C709A}.Release|Any CPU.Build.0 = Release|Any CPU
		{03C11A40-AC02-4B57-971B-6F3928FF7135}.Debug|Any CPU.ActiveCfg = Debug|Any CPU
		{03C11A40-AC02-4B57-971B-6F3928FF7135}.Debug|Any CPU.Build.0 = Debug|Any CPU
		{03C11A40-AC02-4B57-971B-6F3928FF7135}.Release|Any CPU.ActiveCfg = Release|Any CPU
		{03C11A40-AC02-4B57-971B-6F3928FF7135}.Release|Any CPU.Build.0 = Release|Any CPU
	EndGlobalSection
EndGlobal
