
Microsoft Visual Studio Solution File, Format Version 12.00
Project("{2150E333-8FDC-42A3-9474-1A3956D46DE8}") = "Modules", "Modules", "{1E378BD4-FFA8-41D8-AF6E-CB82BAAB9FEF}"
EndProject
Project("{2150E333-8FDC-42A3-9474-1A3956D46DE8}") = "src", "src", "{112092D9-51F0-4396-B66F-F42A6294E7D4}"
EndProject
Project("{2150E333-8FDC-42A3-9474-1A3956D46DE8}") = "Bootstrapper", "Bootstrapper", "{0C66A3B5-F760-4BF0-8648-5C5124B7E50F}"
EndProject
Project("{2150E333-8FDC-42A3-9474-1A3956D46DE8}") = "Shared", "Shared", "{8F859F9D-F3D4-4E5F-98B0-5F8091947EE1}"
EndProject
Project("{2150E333-8FDC-42A3-9474-1A3956D46DE8}") = "tests", "tests", "{5E354159-7261-47D5-8AA7-6B5CE54C8CBA}"
EndProject
Project("{2150E333-8FDC-42A3-9474-1A3956D46DE8}") = "Modules", "Modules", "{CD5991C7-55FC-4DEA-86E2-DBA760DE1D34}"
EndProject
Project("{2150E333-8FDC-42A3-9474-1A3956D46DE8}") = "Owner", "Owner", "{50AAE35A-DF29-455D-8290-069FED15F08F}"
EndProject
Project("{2150E333-8FDC-42A3-9474-1A3956D46DE8}") = "Owner", "Owner", "{3AD089EF-9811-48EA-B425-FD01A63513BB}"
EndProject
Project("{FAE04EC0-301F-11D3-BF4B-00C04F79EFBC}") = "wg.modules.owner.domain", "src\Modules\Owner\wg.modules.owner.domain\wg.modules.owner.domain.csproj", "{85C133A8-F98C-4FE3-B06A-DCC6259CFCE1}"
EndProject
Project("{FAE04EC0-301F-11D3-BF4B-00C04F79EFBC}") = "wg.modules.owner.domain.tests", "tests\Modules\Owner\wg.modules.owner.domain.tests\wg.modules.owner.domain.tests.csproj", "{CF9C783C-DA78-4D1C-AEA6-DD8E2DB77C0E}"
EndProject
Project("{FAE04EC0-301F-11D3-BF4B-00C04F79EFBC}") = "wg.shared.abstractions", "src\Shared\wg.shared.abstractions\wg.shared.abstractions.csproj", "{BB54F46B-E4D8-422C-926D-3BECA906A919}"
EndProject
Project("{FAE04EC0-301F-11D3-BF4B-00C04F79EFBC}") = "wg.modules.owner.tests.shared", "tests\Modules\Owner\wg.modules.owner.tests.shared\wg.modules.owner.tests.shared.csproj", "{DE29FDE1-18C7-49D4-9E7F-9545B90883DE}"
EndProject
Project("{FAE04EC0-301F-11D3-BF4B-00C04F79EFBC}") = "wg.shared.infrastructure", "src\Shared\wg.shared.infrastructure\wg.shared.infrastructure.csproj", "{3D908F3F-E18A-453C-8705-D201BEDA7A72}"
EndProject
Project("{FAE04EC0-301F-11D3-BF4B-00C04F79EFBC}") = "wg.modules.owner.application", "src\Modules\Owner\wg.modules.owner.application\wg.modules.owner.application.csproj", "{9EF88AF5-E641-44B6-8B20-BB2291F960BD}"
EndProject
Project("{FAE04EC0-301F-11D3-BF4B-00C04F79EFBC}") = "wg.modules.owner.application.tests", "tests\Modules\Owner\wg.modules.owner.application.tests\wg.modules.owner.application.tests.csproj", "{38BA0508-A863-4EFA-9C65-BA05CE2689CD}"
EndProject
Project("{2150E333-8FDC-42A3-9474-1A3956D46DE8}") = "Shared", "Shared", "{EB094BD2-FA5C-4EA6-8420-C2F0201EDC6D}"
EndProject
Project("{FAE04EC0-301F-11D3-BF4B-00C04F79EFBC}") = "wg.sharedForTests", "tests\wg.sharedForTests\wg.sharedForTests.csproj", "{3A853327-1EAC-4DE3-AE02-EC06C6359FE3}"
EndProject
Project("{FAE04EC0-301F-11D3-BF4B-00C04F79EFBC}") = "wg.bootstrapper", "src\Bootstrapper\wg.bootstrapper\wg.bootstrapper.csproj", "{2F6C4F4B-8EF4-4DC4-A06A-D736AAC93957}"
EndProject
Project("{FAE04EC0-301F-11D3-BF4B-00C04F79EFBC}") = "wg.modules.owner.api", "src\Modules\Owner\wg.modules.owner.api\wg.modules.owner.api.csproj", "{C3901E1D-AC86-42F6-9354-D79096A4C7DB}"
EndProject
Project("{FAE04EC0-301F-11D3-BF4B-00C04F79EFBC}") = "wg.modules.owner.infrastructure", "src\Modules\Owner\wg.modules.owner.infrastructure\wg.modules.owner.infrastructure.csproj", "{28CC0313-8204-4A2D-9D42-3EEF42D4F45A}"
EndProject
Project("{FAE04EC0-301F-11D3-BF4B-00C04F79EFBC}") = "wg.modules.owner.infrastructure.tests", "tests\Modules\Owner\wg.modules.owner.infrastructure.tests\wg.modules.owner.infrastructure.tests.csproj", "{212AF2FA-C1FA-4ED5-8296-7A01C08CCE41}"
EndProject
Project("{2150E333-8FDC-42A3-9474-1A3956D46DE8}") = "Integration", "Integration", "{6C56C11E-2B44-41AD-B67E-4A743B63B563}"
EndProject
Project("{2150E333-8FDC-42A3-9474-1A3956D46DE8}") = "Modules", "Modules", "{36BA58D3-544B-46E6-BCA2-BDC57EB0E62E}"
EndProject
Project("{FAE04EC0-301F-11D3-BF4B-00C04F79EFBC}") = "wg.modules.owner.integration.tests", "tests\Integration\Modules\wg.modules.owner.integration.tests\wg.modules.owner.integration.tests.csproj", "{AF284D2B-53DB-444B-8538-B91DB9987ADE}"
EndProject
Project("{FAE04EC0-301F-11D3-BF4B-00C04F79EFBC}") = "wg.shared.infrastructure.tests", "tests\Shared\wg.shared.infrastructure.tests\wg.shared.infrastructure.tests.csproj", "{213814F7-72D0-480F-B0E9-0710A2B3F9C5}"
EndProject
Project("{2150E333-8FDC-42A3-9474-1A3956D46DE8}") = "Companies", "Companies", "{FD0CE981-8432-4B57-B654-A91D55B67903}"
EndProject
Project("{FAE04EC0-301F-11D3-BF4B-00C04F79EFBC}") = "wg.modules.companies.domain", "src\Modules\Companies\wg.modules.companies.domain\wg.modules.companies.domain.csproj", "{7D31D878-29AF-4259-9D88-14F230723818}"
EndProject
Project("{2150E333-8FDC-42A3-9474-1A3956D46DE8}") = "Companies", "Companies", "{ED0C0608-7C3D-43E1-9E71-8305AFEE3076}"
EndProject
Project("{FAE04EC0-301F-11D3-BF4B-00C04F79EFBC}") = "wg.modules.companies.domain.tests", "tests\Modules\Companies\wg.modules.companies.domain.tests\wg.modules.companies.domain.tests.csproj", "{F713C96C-5FEA-4B6B-9A33-E5D38D527F50}"
EndProject
Project("{FAE04EC0-301F-11D3-BF4B-00C04F79EFBC}") = "wg.modules.companies.tests.shared", "tests\Modules\Companies\wg.modules.companies.tests.shared\wg.modules.companies.tests.shared.csproj", "{014EDDD2-D754-4D2F-A192-2F2176273108}"
EndProject
Project("{FAE04EC0-301F-11D3-BF4B-00C04F79EFBC}") = "wg.modules.companies.application", "src\Modules\Companies\wg.modules.companies.application\wg.modules.companies.application.csproj", "{FC96C47A-E562-42DE-A949-B834B85271EC}"
EndProject
Project("{FAE04EC0-301F-11D3-BF4B-00C04F79EFBC}") = "wg.modules.companies.application.tests", "tests\Modules\Companies\wg.modules.companies.application.tests\wg.modules.companies.application.tests.csproj", "{B0F40EB2-AE1A-4DDC-A916-241801636928}"
EndProject
Project("{FAE04EC0-301F-11D3-BF4B-00C04F79EFBC}") = "wg.modules.companies.infrastructure", "src\Modules\Companies\wg.modules.companies.infrastructure\wg.modules.companies.infrastructure.csproj", "{D4A77E0E-DCAF-438C-918B-2285B48153BB}"
EndProject
Project("{FAE04EC0-301F-11D3-BF4B-00C04F79EFBC}") = "wg.modules.companies.api", "src\Modules\Companies\wg.modules.companies.api\wg.modules.companies.api.csproj", "{068F5FCB-23AB-4EFB-879D-5DA53E33975D}"
EndProject
Project("{FAE04EC0-301F-11D3-BF4B-00C04F79EFBC}") = "wg.modules.companies.integration.tests", "tests\Integration\Modules\wg.modules.companies.integration.tests\wg.modules.companies.integration.tests.csproj", "{1CD7FD30-CFE6-4ADB-8755-74398ACCDE0E}"
EndProject
Global
	GlobalSection(SolutionConfigurationPlatforms) = preSolution
		Debug|Any CPU = Debug|Any CPU
		Release|Any CPU = Release|Any CPU
	EndGlobalSection
	GlobalSection(NestedProjects) = preSolution
		{1E378BD4-FFA8-41D8-AF6E-CB82BAAB9FEF} = {112092D9-51F0-4396-B66F-F42A6294E7D4}
		{0C66A3B5-F760-4BF0-8648-5C5124B7E50F} = {112092D9-51F0-4396-B66F-F42A6294E7D4}
		{8F859F9D-F3D4-4E5F-98B0-5F8091947EE1} = {112092D9-51F0-4396-B66F-F42A6294E7D4}
		{CD5991C7-55FC-4DEA-86E2-DBA760DE1D34} = {5E354159-7261-47D5-8AA7-6B5CE54C8CBA}
		{50AAE35A-DF29-455D-8290-069FED15F08F} = {CD5991C7-55FC-4DEA-86E2-DBA760DE1D34}
		{3AD089EF-9811-48EA-B425-FD01A63513BB} = {1E378BD4-FFA8-41D8-AF6E-CB82BAAB9FEF}
		{85C133A8-F98C-4FE3-B06A-DCC6259CFCE1} = {3AD089EF-9811-48EA-B425-FD01A63513BB}
		{CF9C783C-DA78-4D1C-AEA6-DD8E2DB77C0E} = {50AAE35A-DF29-455D-8290-069FED15F08F}
		{BB54F46B-E4D8-422C-926D-3BECA906A919} = {8F859F9D-F3D4-4E5F-98B0-5F8091947EE1}
		{DE29FDE1-18C7-49D4-9E7F-9545B90883DE} = {50AAE35A-DF29-455D-8290-069FED15F08F}
		{3D908F3F-E18A-453C-8705-D201BEDA7A72} = {8F859F9D-F3D4-4E5F-98B0-5F8091947EE1}
		{9EF88AF5-E641-44B6-8B20-BB2291F960BD} = {3AD089EF-9811-48EA-B425-FD01A63513BB}
		{38BA0508-A863-4EFA-9C65-BA05CE2689CD} = {50AAE35A-DF29-455D-8290-069FED15F08F}
		{EB094BD2-FA5C-4EA6-8420-C2F0201EDC6D} = {5E354159-7261-47D5-8AA7-6B5CE54C8CBA}
		{2F6C4F4B-8EF4-4DC4-A06A-D736AAC93957} = {0C66A3B5-F760-4BF0-8648-5C5124B7E50F}
		{C3901E1D-AC86-42F6-9354-D79096A4C7DB} = {3AD089EF-9811-48EA-B425-FD01A63513BB}
		{28CC0313-8204-4A2D-9D42-3EEF42D4F45A} = {3AD089EF-9811-48EA-B425-FD01A63513BB}
		{212AF2FA-C1FA-4ED5-8296-7A01C08CCE41} = {50AAE35A-DF29-455D-8290-069FED15F08F}
		{6C56C11E-2B44-41AD-B67E-4A743B63B563} = {5E354159-7261-47D5-8AA7-6B5CE54C8CBA}
		{36BA58D3-544B-46E6-BCA2-BDC57EB0E62E} = {6C56C11E-2B44-41AD-B67E-4A743B63B563}
		{AF284D2B-53DB-444B-8538-B91DB9987ADE} = {36BA58D3-544B-46E6-BCA2-BDC57EB0E62E}
		{3A853327-1EAC-4DE3-AE02-EC06C6359FE3} = {5E354159-7261-47D5-8AA7-6B5CE54C8CBA}
		{213814F7-72D0-480F-B0E9-0710A2B3F9C5} = {EB094BD2-FA5C-4EA6-8420-C2F0201EDC6D}
		{FD0CE981-8432-4B57-B654-A91D55B67903} = {1E378BD4-FFA8-41D8-AF6E-CB82BAAB9FEF}
		{7D31D878-29AF-4259-9D88-14F230723818} = {FD0CE981-8432-4B57-B654-A91D55B67903}
		{ED0C0608-7C3D-43E1-9E71-8305AFEE3076} = {CD5991C7-55FC-4DEA-86E2-DBA760DE1D34}
		{F713C96C-5FEA-4B6B-9A33-E5D38D527F50} = {ED0C0608-7C3D-43E1-9E71-8305AFEE3076}
		{014EDDD2-D754-4D2F-A192-2F2176273108} = {ED0C0608-7C3D-43E1-9E71-8305AFEE3076}
		{FC96C47A-E562-42DE-A949-B834B85271EC} = {FD0CE981-8432-4B57-B654-A91D55B67903}
		{B0F40EB2-AE1A-4DDC-A916-241801636928} = {ED0C0608-7C3D-43E1-9E71-8305AFEE3076}
		{D4A77E0E-DCAF-438C-918B-2285B48153BB} = {FD0CE981-8432-4B57-B654-A91D55B67903}
		{068F5FCB-23AB-4EFB-879D-5DA53E33975D} = {FD0CE981-8432-4B57-B654-A91D55B67903}
		{1CD7FD30-CFE6-4ADB-8755-74398ACCDE0E} = {36BA58D3-544B-46E6-BCA2-BDC57EB0E62E}
	EndGlobalSection
	GlobalSection(ProjectConfigurationPlatforms) = postSolution
		{85C133A8-F98C-4FE3-B06A-DCC6259CFCE1}.Debug|Any CPU.ActiveCfg = Debug|Any CPU
		{85C133A8-F98C-4FE3-B06A-DCC6259CFCE1}.Debug|Any CPU.Build.0 = Debug|Any CPU
		{85C133A8-F98C-4FE3-B06A-DCC6259CFCE1}.Release|Any CPU.ActiveCfg = Release|Any CPU
		{85C133A8-F98C-4FE3-B06A-DCC6259CFCE1}.Release|Any CPU.Build.0 = Release|Any CPU
		{CF9C783C-DA78-4D1C-AEA6-DD8E2DB77C0E}.Debug|Any CPU.ActiveCfg = Debug|Any CPU
		{CF9C783C-DA78-4D1C-AEA6-DD8E2DB77C0E}.Debug|Any CPU.Build.0 = Debug|Any CPU
		{CF9C783C-DA78-4D1C-AEA6-DD8E2DB77C0E}.Release|Any CPU.ActiveCfg = Release|Any CPU
		{CF9C783C-DA78-4D1C-AEA6-DD8E2DB77C0E}.Release|Any CPU.Build.0 = Release|Any CPU
		{BB54F46B-E4D8-422C-926D-3BECA906A919}.Debug|Any CPU.ActiveCfg = Debug|Any CPU
		{BB54F46B-E4D8-422C-926D-3BECA906A919}.Debug|Any CPU.Build.0 = Debug|Any CPU
		{BB54F46B-E4D8-422C-926D-3BECA906A919}.Release|Any CPU.ActiveCfg = Release|Any CPU
		{BB54F46B-E4D8-422C-926D-3BECA906A919}.Release|Any CPU.Build.0 = Release|Any CPU
		{DE29FDE1-18C7-49D4-9E7F-9545B90883DE}.Debug|Any CPU.ActiveCfg = Debug|Any CPU
		{DE29FDE1-18C7-49D4-9E7F-9545B90883DE}.Debug|Any CPU.Build.0 = Debug|Any CPU
		{DE29FDE1-18C7-49D4-9E7F-9545B90883DE}.Release|Any CPU.ActiveCfg = Release|Any CPU
		{DE29FDE1-18C7-49D4-9E7F-9545B90883DE}.Release|Any CPU.Build.0 = Release|Any CPU
		{3D908F3F-E18A-453C-8705-D201BEDA7A72}.Debug|Any CPU.ActiveCfg = Debug|Any CPU
		{3D908F3F-E18A-453C-8705-D201BEDA7A72}.Debug|Any CPU.Build.0 = Debug|Any CPU
		{3D908F3F-E18A-453C-8705-D201BEDA7A72}.Release|Any CPU.ActiveCfg = Release|Any CPU
		{3D908F3F-E18A-453C-8705-D201BEDA7A72}.Release|Any CPU.Build.0 = Release|Any CPU
		{9EF88AF5-E641-44B6-8B20-BB2291F960BD}.Debug|Any CPU.ActiveCfg = Debug|Any CPU
		{9EF88AF5-E641-44B6-8B20-BB2291F960BD}.Debug|Any CPU.Build.0 = Debug|Any CPU
		{9EF88AF5-E641-44B6-8B20-BB2291F960BD}.Release|Any CPU.ActiveCfg = Release|Any CPU
		{9EF88AF5-E641-44B6-8B20-BB2291F960BD}.Release|Any CPU.Build.0 = Release|Any CPU
		{38BA0508-A863-4EFA-9C65-BA05CE2689CD}.Debug|Any CPU.ActiveCfg = Debug|Any CPU
		{38BA0508-A863-4EFA-9C65-BA05CE2689CD}.Debug|Any CPU.Build.0 = Debug|Any CPU
		{38BA0508-A863-4EFA-9C65-BA05CE2689CD}.Release|Any CPU.ActiveCfg = Release|Any CPU
		{38BA0508-A863-4EFA-9C65-BA05CE2689CD}.Release|Any CPU.Build.0 = Release|Any CPU
		{3A853327-1EAC-4DE3-AE02-EC06C6359FE3}.Debug|Any CPU.ActiveCfg = Debug|Any CPU
		{3A853327-1EAC-4DE3-AE02-EC06C6359FE3}.Debug|Any CPU.Build.0 = Debug|Any CPU
		{3A853327-1EAC-4DE3-AE02-EC06C6359FE3}.Release|Any CPU.ActiveCfg = Release|Any CPU
		{3A853327-1EAC-4DE3-AE02-EC06C6359FE3}.Release|Any CPU.Build.0 = Release|Any CPU
		{2F6C4F4B-8EF4-4DC4-A06A-D736AAC93957}.Debug|Any CPU.ActiveCfg = Debug|Any CPU
		{2F6C4F4B-8EF4-4DC4-A06A-D736AAC93957}.Debug|Any CPU.Build.0 = Debug|Any CPU
		{2F6C4F4B-8EF4-4DC4-A06A-D736AAC93957}.Release|Any CPU.ActiveCfg = Release|Any CPU
		{2F6C4F4B-8EF4-4DC4-A06A-D736AAC93957}.Release|Any CPU.Build.0 = Release|Any CPU
		{C3901E1D-AC86-42F6-9354-D79096A4C7DB}.Debug|Any CPU.ActiveCfg = Debug|Any CPU
		{C3901E1D-AC86-42F6-9354-D79096A4C7DB}.Debug|Any CPU.Build.0 = Debug|Any CPU
		{C3901E1D-AC86-42F6-9354-D79096A4C7DB}.Release|Any CPU.ActiveCfg = Release|Any CPU
		{C3901E1D-AC86-42F6-9354-D79096A4C7DB}.Release|Any CPU.Build.0 = Release|Any CPU
		{28CC0313-8204-4A2D-9D42-3EEF42D4F45A}.Debug|Any CPU.ActiveCfg = Debug|Any CPU
		{28CC0313-8204-4A2D-9D42-3EEF42D4F45A}.Debug|Any CPU.Build.0 = Debug|Any CPU
		{28CC0313-8204-4A2D-9D42-3EEF42D4F45A}.Release|Any CPU.ActiveCfg = Release|Any CPU
		{28CC0313-8204-4A2D-9D42-3EEF42D4F45A}.Release|Any CPU.Build.0 = Release|Any CPU
		{212AF2FA-C1FA-4ED5-8296-7A01C08CCE41}.Debug|Any CPU.ActiveCfg = Debug|Any CPU
		{212AF2FA-C1FA-4ED5-8296-7A01C08CCE41}.Debug|Any CPU.Build.0 = Debug|Any CPU
		{212AF2FA-C1FA-4ED5-8296-7A01C08CCE41}.Release|Any CPU.ActiveCfg = Release|Any CPU
		{212AF2FA-C1FA-4ED5-8296-7A01C08CCE41}.Release|Any CPU.Build.0 = Release|Any CPU
		{AF284D2B-53DB-444B-8538-B91DB9987ADE}.Debug|Any CPU.ActiveCfg = Debug|Any CPU
		{AF284D2B-53DB-444B-8538-B91DB9987ADE}.Debug|Any CPU.Build.0 = Debug|Any CPU
		{AF284D2B-53DB-444B-8538-B91DB9987ADE}.Release|Any CPU.ActiveCfg = Release|Any CPU
		{AF284D2B-53DB-444B-8538-B91DB9987ADE}.Release|Any CPU.Build.0 = Release|Any CPU
		{213814F7-72D0-480F-B0E9-0710A2B3F9C5}.Debug|Any CPU.ActiveCfg = Debug|Any CPU
		{213814F7-72D0-480F-B0E9-0710A2B3F9C5}.Debug|Any CPU.Build.0 = Debug|Any CPU
		{213814F7-72D0-480F-B0E9-0710A2B3F9C5}.Release|Any CPU.ActiveCfg = Release|Any CPU
		{213814F7-72D0-480F-B0E9-0710A2B3F9C5}.Release|Any CPU.Build.0 = Release|Any CPU
		{7D31D878-29AF-4259-9D88-14F230723818}.Debug|Any CPU.ActiveCfg = Debug|Any CPU
		{7D31D878-29AF-4259-9D88-14F230723818}.Debug|Any CPU.Build.0 = Debug|Any CPU
		{7D31D878-29AF-4259-9D88-14F230723818}.Release|Any CPU.ActiveCfg = Release|Any CPU
		{7D31D878-29AF-4259-9D88-14F230723818}.Release|Any CPU.Build.0 = Release|Any CPU
		{F713C96C-5FEA-4B6B-9A33-E5D38D527F50}.Debug|Any CPU.ActiveCfg = Debug|Any CPU
		{F713C96C-5FEA-4B6B-9A33-E5D38D527F50}.Debug|Any CPU.Build.0 = Debug|Any CPU
		{F713C96C-5FEA-4B6B-9A33-E5D38D527F50}.Release|Any CPU.ActiveCfg = Release|Any CPU
		{F713C96C-5FEA-4B6B-9A33-E5D38D527F50}.Release|Any CPU.Build.0 = Release|Any CPU
		{014EDDD2-D754-4D2F-A192-2F2176273108}.Debug|Any CPU.ActiveCfg = Debug|Any CPU
		{014EDDD2-D754-4D2F-A192-2F2176273108}.Debug|Any CPU.Build.0 = Debug|Any CPU
		{014EDDD2-D754-4D2F-A192-2F2176273108}.Release|Any CPU.ActiveCfg = Release|Any CPU
		{014EDDD2-D754-4D2F-A192-2F2176273108}.Release|Any CPU.Build.0 = Release|Any CPU
		{FC96C47A-E562-42DE-A949-B834B85271EC}.Debug|Any CPU.ActiveCfg = Debug|Any CPU
		{FC96C47A-E562-42DE-A949-B834B85271EC}.Debug|Any CPU.Build.0 = Debug|Any CPU
		{FC96C47A-E562-42DE-A949-B834B85271EC}.Release|Any CPU.ActiveCfg = Release|Any CPU
		{FC96C47A-E562-42DE-A949-B834B85271EC}.Release|Any CPU.Build.0 = Release|Any CPU
		{B0F40EB2-AE1A-4DDC-A916-241801636928}.Debug|Any CPU.ActiveCfg = Debug|Any CPU
		{B0F40EB2-AE1A-4DDC-A916-241801636928}.Debug|Any CPU.Build.0 = Debug|Any CPU
		{B0F40EB2-AE1A-4DDC-A916-241801636928}.Release|Any CPU.ActiveCfg = Release|Any CPU
		{B0F40EB2-AE1A-4DDC-A916-241801636928}.Release|Any CPU.Build.0 = Release|Any CPU
		{D4A77E0E-DCAF-438C-918B-2285B48153BB}.Debug|Any CPU.ActiveCfg = Debug|Any CPU
		{D4A77E0E-DCAF-438C-918B-2285B48153BB}.Debug|Any CPU.Build.0 = Debug|Any CPU
		{D4A77E0E-DCAF-438C-918B-2285B48153BB}.Release|Any CPU.ActiveCfg = Release|Any CPU
		{D4A77E0E-DCAF-438C-918B-2285B48153BB}.Release|Any CPU.Build.0 = Release|Any CPU
		{068F5FCB-23AB-4EFB-879D-5DA53E33975D}.Debug|Any CPU.ActiveCfg = Debug|Any CPU
		{068F5FCB-23AB-4EFB-879D-5DA53E33975D}.Debug|Any CPU.Build.0 = Debug|Any CPU
		{068F5FCB-23AB-4EFB-879D-5DA53E33975D}.Release|Any CPU.ActiveCfg = Release|Any CPU
		{068F5FCB-23AB-4EFB-879D-5DA53E33975D}.Release|Any CPU.Build.0 = Release|Any CPU
		{1CD7FD30-CFE6-4ADB-8755-74398ACCDE0E}.Debug|Any CPU.ActiveCfg = Debug|Any CPU
		{1CD7FD30-CFE6-4ADB-8755-74398ACCDE0E}.Debug|Any CPU.Build.0 = Debug|Any CPU
		{1CD7FD30-CFE6-4ADB-8755-74398ACCDE0E}.Release|Any CPU.ActiveCfg = Release|Any CPU
		{1CD7FD30-CFE6-4ADB-8755-74398ACCDE0E}.Release|Any CPU.Build.0 = Release|Any CPU
	EndGlobalSection
EndGlobal
